// !$*UTF8*$!
{
	archiveVersion = 1;
	classes = {
	};
	objectVersion = 50;
	objects = {

/* Begin PBXBuildFile section */
		483803F72517865D00EAD5FA /* AppDelegate.swift in Sources */ = {isa = PBXBuildFile; fileRef = 483803F62517865D00EAD5FA /* AppDelegate.swift */; };
		483803F92517865D00EAD5FA /* SceneDelegate.swift in Sources */ = {isa = PBXBuildFile; fileRef = 483803F82517865D00EAD5FA /* SceneDelegate.swift */; };
		483803FB2517865D00EAD5FA /* ViewController.swift in Sources */ = {isa = PBXBuildFile; fileRef = 483803FA2517865D00EAD5FA /* ViewController.swift */; };
		483803FE2517865D00EAD5FA /* Main.storyboard in Resources */ = {isa = PBXBuildFile; fileRef = 483803FC2517865D00EAD5FA /* Main.storyboard */; };
		483804002517865E00EAD5FA /* Assets.xcassets in Resources */ = {isa = PBXBuildFile; fileRef = 483803FF2517865E00EAD5FA /* Assets.xcassets */; };
		483804032517865E00EAD5FA /* LaunchScreen.storyboard in Resources */ = {isa = PBXBuildFile; fileRef = 483804012517865E00EAD5FA /* LaunchScreen.storyboard */; };
		4838040E2517865F00EAD5FA /* testTests.swift in Sources */ = {isa = PBXBuildFile; fileRef = 4838040D2517865F00EAD5FA /* testTests.swift */; };
		483804192517865F00EAD5FA /* testUITests.swift in Sources */ = {isa = PBXBuildFile; fileRef = 483804182517865F00EAD5FA /* testUITests.swift */; };
/* End PBXBuildFile section */

/* Begin PBXContainerItemProxy section */
		4838040A2517865F00EAD5FA /* PBXContainerItemProxy */ = {
			isa = PBXContainerItemProxy;
			containerPortal = 483803EB2517865D00EAD5FA /* Project object */;
			proxyType = 1;
			remoteGlobalIDString = 483803F22517865D00EAD5FA;
			remoteInfo = test;
		};
		483804152517865F00EAD5FA /* PBXContainerItemProxy */ = {
			isa = PBXContainerItemProxy;
			containerPortal = 483803EB2517865D00EAD5FA /* Project object */;
			proxyType = 1;
			remoteGlobalIDString = 483803F22517865D00EAD5FA;
			remoteInfo = test;
		};
/* End PBXContainerItemProxy section */

/* Begin PBXFileReference section */
		483803F32517865D00EAD5FA /* test.app */ = {isa = PBXFileReference; explicitFileType = wrapper.application; includeInIndex = 0; path = test.app; sourceTree = BUILT_PRODUCTS_DIR; };
		483803F62517865D00EAD5FA /* AppDelegate.swift */ = {isa = PBXFileReference; lastKnownFileType = sourcecode.swift; path = AppDelegate.swift; sourceTree = "<group>"; };
		483803F82517865D00EAD5FA /* SceneDelegate.swift */ = {isa = PBXFileReference; lastKnownFileType = sourcecode.swift; path = SceneDelegate.swift; sourceTree = "<group>"; };
		483803FA2517865D00EAD5FA /* ViewController.swift */ = {isa = PBXFileReference; lastKnownFileType = sourcecode.swift; path = ViewController.swift; sourceTree = "<group>"; };
		483803FD2517865D00EAD5FA /* Base */ = {isa = PBXFileReference; lastKnownFileType = file.storyboard; name = Base; path = Base.lproj/Main.storyboard; sourceTree = "<group>"; };
		483803FF2517865E00EAD5FA /* Assets.xcassets */ = {isa = PBXFileReference; lastKnownFileType = folder.assetcatalog; path = Assets.xcassets; sourceTree = "<group>"; };
		483804022517865E00EAD5FA /* Base */ = {isa = PBXFileReference; lastKnownFileType = file.storyboard; name = Base; path = Base.lproj/LaunchScreen.storyboard; sourceTree = "<group>"; };
		483804042517865E00EAD5FA /* Info.plist */ = {isa = PBXFileReference; lastKnownFileType = text.plist.xml; path = Info.plist; sourceTree = "<group>"; };
		483804092517865F00EAD5FA /* testTests.xctest */ = {isa = PBXFileReference; explicitFileType = wrapper.cfbundle; includeInIndex = 0; path = testTests.xctest; sourceTree = BUILT_PRODUCTS_DIR; };
		4838040D2517865F00EAD5FA /* testTests.swift */ = {isa = PBXFileReference; lastKnownFileType = sourcecode.swift; path = testTests.swift; sourceTree = "<group>"; };
		4838040F2517865F00EAD5FA /* Info.plist */ = {isa = PBXFileReference; lastKnownFileType = text.plist.xml; path = Info.plist; sourceTree = "<group>"; };
		483804142517865F00EAD5FA /* testUITests.xctest */ = {isa = PBXFileReference; explicitFileType = wrapper.cfbundle; includeInIndex = 0; path = testUITests.xctest; sourceTree = BUILT_PRODUCTS_DIR; };
		483804182517865F00EAD5FA /* testUITests.swift */ = {isa = PBXFileReference; lastKnownFileType = sourcecode.swift; path = testUITests.swift; sourceTree = "<group>"; };
		4838041A2517865F00EAD5FA /* Info.plist */ = {isa = PBXFileReference; lastKnownFileType = text.plist.xml; path = Info.plist; sourceTree = "<group>"; };
/* End PBXFileReference section */

/* Begin PBXFrameworksBuildPhase section */
		483803F02517865D00EAD5FA /* Frameworks */ = {
			isa = PBXFrameworksBuildPhase;
			buildActionMask = 2147483647;
			files = (
			);
			runOnlyForDeploymentPostprocessing = 0;
		};
		483804062517865F00EAD5FA /* Frameworks */ = {
			isa = PBXFrameworksBuildPhase;
			buildActionMask = 2147483647;
			files = (
			);
			runOnlyForDeploymentPostprocessing = 0;
		};
		483804112517865F00EAD5FA /* Frameworks */ = {
			isa = PBXFrameworksBuildPhase;
			buildActionMask = 2147483647;
			files = (
			);
			runOnlyForDeploymentPostprocessing = 0;
		};
/* End PBXFrameworksBuildPhase section */

/* Begin PBXGroup section */
		483803EA2517865D00EAD5FA = {
			isa = PBXGroup;
			children = (
				483803F52517865D00EAD5FA /* test */,
				4838040C2517865F00EAD5FA /* testTests */,
				483804172517865F00EAD5FA /* testUITests */,
				483803F42517865D00EAD5FA /* Products */,
			);
			sourceTree = "<group>";
		};
		483803F42517865D00EAD5FA /* Products */ = {
			isa = PBXGroup;
			children = (
				483803F32517865D00EAD5FA /* test.app */,
				483804092517865F00EAD5FA /* testTests.xctest */,
				483804142517865F00EAD5FA /* testUITests.xctest */,
			);
			name = Products;
			sourceTree = "<group>";
		};
		483803F52517865D00EAD5FA /* test */ = {
			isa = PBXGroup;
			children = (
				483803F62517865D00EAD5FA /* AppDelegate.swift */,
				483803F82517865D00EAD5FA /* SceneDelegate.swift */,
				483803FA2517865D00EAD5FA /* ViewController.swift */,
				483803FC2517865D00EAD5FA /* Main.storyboard */,
				483803FF2517865E00EAD5FA /* Assets.xcassets */,
				483804012517865E00EAD5FA /* LaunchScreen.storyboard */,
				483804042517865E00EAD5FA /* Info.plist */,
			);
			path = test;
			sourceTree = "<group>";
		};
		4838040C2517865F00EAD5FA /* testTests */ = {
			isa = PBXGroup;
			children = (
				4838040D2517865F00EAD5FA /* testTests.swift */,
				4838040F2517865F00EAD5FA /* Info.plist */,
			);
			path = testTests;
			sourceTree = "<group>";
		};
		483804172517865F00EAD5FA /* testUITests */ = {
			isa = PBXGroup;
			children = (
				483804182517865F00EAD5FA /* testUITests.swift */,
				4838041A2517865F00EAD5FA /* Info.plist */,
			);
			path = testUITests;
			sourceTree = "<group>";
		};
/* End PBXGroup section */

/* Begin PBXNativeTarget section */
		483803F22517865D00EAD5FA /* test */ = {
			isa = PBXNativeTarget;
			buildConfigurationList = 4838041D2517865F00EAD5FA /* Build configuration list for PBXNativeTarget "test" */;
			buildPhases = (
				483803EF2517865D00EAD5FA /* Sources */,
				483803F02517865D00EAD5FA /* Frameworks */,
				483803F12517865D00EAD5FA /* Resources */,
			);
			buildRules = (
			);
			dependencies = (
			);
			name = test;
			productName = test;
			productReference = 483803F32517865D00EAD5FA /* test.app */;
			productType = "com.apple.product-type.application";
		};
		483804082517865F00EAD5FA /* testTests */ = {
			isa = PBXNativeTarget;
			buildConfigurationList = 483804202517865F00EAD5FA /* Build configuration list for PBXNativeTarget "testTests" */;
			buildPhases = (
				483804052517865F00EAD5FA /* Sources */,
				483804062517865F00EAD5FA /* Frameworks */,
				483804072517865F00EAD5FA /* Resources */,
			);
			buildRules = (
			);
			dependencies = (
				4838040B2517865F00EAD5FA /* PBXTargetDependency */,
			);
			name = testTests;
			productName = testTests;
			productReference = 483804092517865F00EAD5FA /* testTests.xctest */;
			productType = "com.apple.product-type.bundle.unit-test";
		};
		483804132517865F00EAD5FA /* testUITests */ = {
			isa = PBXNativeTarget;
			buildConfigurationList = 483804232517865F00EAD5FA /* Build configuration list for PBXNativeTarget "testUITests" */;
			buildPhases = (
				483804102517865F00EAD5FA /* Sources */,
				483804112517865F00EAD5FA /* Frameworks */,
				483804122517865F00EAD5FA /* Resources */,
			);
			buildRules = (
			);
			dependencies = (
				483804162517865F00EAD5FA /* PBXTargetDependency */,
			);
			name = testUITests;
			productName = testUITests;
			productReference = 483804142517865F00EAD5FA /* testUITests.xctest */;
			productType = "com.apple.product-type.bundle.ui-testing";
		};
/* End PBXNativeTarget section */

/* Begin PBXProject section */
		483803EB2517865D00EAD5FA /* Project object */ = {
			isa = PBXProject;
			attributes = {
				LastSwiftUpdateCheck = 1200;
				LastUpgradeCheck = 1200;
				TargetAttributes = {
					483803F22517865D00EAD5FA = {
						CreatedOnToolsVersion = 12.0;
					};
					483804082517865F00EAD5FA = {
						CreatedOnToolsVersion = 12.0;
						TestTargetID = 483803F22517865D00EAD5FA;
					};
					483804132517865F00EAD5FA = {
						CreatedOnToolsVersion = 12.0;
						TestTargetID = 483803F22517865D00EAD5FA;
					};
				};
			};
			buildConfigurationList = 483803EE2517865D00EAD5FA /* Build configuration list for PBXProject "test" */;
			compatibilityVersion = "Xcode 9.3";
			developmentRegion = en;
			hasScannedForEncodings = 0;
			knownRegions = (
				en,
				Base,
			);
			mainGroup = 483803EA2517865D00EAD5FA;
			productRefGroup = 483803F42517865D00EAD5FA /* Products */;
			projectDirPath = "";
			projectRoot = "";
			targets = (
				483803F22517865D00EAD5FA /* test */,
				483804082517865F00EAD5FA /* testTests */,
				483804132517865F00EAD5FA /* testUITests */,
			);
		};
/* End PBXProject section */

/* Begin PBXResourcesBuildPhase section */
		483803F12517865D00EAD5FA /* Resources */ = {
			isa = PBXResourcesBuildPhase;
			buildActionMask = 2147483647;
			files = (
				483804032517865E00EAD5FA /* LaunchScreen.storyboard in Resources */,
				483804002517865E00EAD5FA /* Assets.xcassets in Resources */,
				483803FE2517865D00EAD5FA /* Main.storyboard in Resources */,
			);
			runOnlyForDeploymentPostprocessing = 0;
		};
		483804072517865F00EAD5FA /* Resources */ = {
			isa = PBXResourcesBuildPhase;
			buildActionMask = 2147483647;
			files = (
			);
			runOnlyForDeploymentPostprocessing = 0;
		};
		483804122517865F00EAD5FA /* Resources */ = {
			isa = PBXResourcesBuildPhase;
			buildActionMask = 2147483647;
			files = (
			);
			runOnlyForDeploymentPostprocessing = 0;
		};
/* End PBXResourcesBuildPhase section */

/* Begin PBXSourcesBuildPhase section */
		483803EF2517865D00EAD5FA /* Sources */ = {
			isa = PBXSourcesBuildPhase;
			buildActionMask = 2147483647;
			files = (
				483803FB2517865D00EAD5FA /* ViewController.swift in Sources */,
				483803F72517865D00EAD5FA /* AppDelegate.swift in Sources */,
				483803F92517865D00EAD5FA /* SceneDelegate.swift in Sources */,
			);
			runOnlyForDeploymentPostprocessing = 0;
		};
		483804052517865F00EAD5FA /* Sources */ = {
			isa = PBXSourcesBuildPhase;
			buildActionMask = 2147483647;
			files = (
				4838040E2517865F00EAD5FA /* testTests.swift in Sources */,
			);
			runOnlyForDeploymentPostprocessing = 0;
		};
		483804102517865F00EAD5FA /* Sources */ = {
			isa = PBXSourcesBuildPhase;
			buildActionMask = 2147483647;
			files = (
				483804192517865F00EAD5FA /* testUITests.swift in Sources */,
			);
			runOnlyForDeploymentPostprocessing = 0;
		};
/* End PBXSourcesBuildPhase section */

/* Begin PBXTargetDependency section */
		4838040B2517865F00EAD5FA /* PBXTargetDependency */ = {
			isa = PBXTargetDependency;
			target = 483803F22517865D00EAD5FA /* test */;
			targetProxy = 4838040A2517865F00EAD5FA /* PBXContainerItemProxy */;
		};
		483804162517865F00EAD5FA /* PBXTargetDependency */ = {
			isa = PBXTargetDependency;
			target = 483803F22517865D00EAD5FA /* test */;
			targetProxy = 483804152517865F00EAD5FA /* PBXContainerItemProxy */;
		};
/* End PBXTargetDependency section */

/* Begin PBXVariantGroup section */
		483803FC2517865D00EAD5FA /* Main.storyboard */ = {
			isa = PBXVariantGroup;
			children = (
				483803FD2517865D00EAD5FA /* Base */,
			);
			name = Main.storyboard;
			sourceTree = "<group>";
		};
		483804012517865E00EAD5FA /* LaunchScreen.storyboard */ = {
			isa = PBXVariantGroup;
			children = (
				483804022517865E00EAD5FA /* Base */,
			);
			name = LaunchScreen.storyboard;
			sourceTree = "<group>";
		};
/* End PBXVariantGroup section */

/* Begin XCBuildConfiguration section */
		4838041B2517865F00EAD5FA /* Debug */ = {
			isa = XCBuildConfiguration;
			buildSettings = {
				ALWAYS_SEARCH_USER_PATHS = NO;
				CLANG_ANALYZER_NONNULL = YES;
				CLANG_ANALYZER_NUMBER_OBJECT_CONVERSION = YES_AGGRESSIVE;
				CLANG_CXX_LANGUAGE_STANDARD = "gnu++14";
				CLANG_CXX_LIBRARY = "libc++";
				CLANG_ENABLE_MODULES = YES;
				CLANG_ENABLE_OBJC_ARC = YES;
				CLANG_ENABLE_OBJC_WEAK = YES;
				CLANG_WARN_BLOCK_CAPTURE_AUTORELEASING = YES;
				CLANG_WARN_BOOL_CONVERSION = YES;
				CLANG_WARN_COMMA = YES;
				CLANG_WARN_CONSTANT_CONVERSION = YES;
				CLANG_WARN_DEPRECATED_OBJC_IMPLEMENTATIONS = YES;
				CLANG_WARN_DIRECT_OBJC_ISA_USAGE = YES_ERROR;
				CLANG_WARN_DOCUMENTATION_COMMENTS = YES;
				CLANG_WARN_EMPTY_BODY = YES;
				CLANG_WARN_ENUM_CONVERSION = YES;
				CLANG_WARN_INFINITE_RECURSION = YES;
				CLANG_WARN_INT_CONVERSION = YES;
				CLANG_WARN_NON_LITERAL_NULL_CONVERSION = YES;
				CLANG_WARN_OBJC_IMPLICIT_RETAIN_SELF = YES;
				CLANG_WARN_OBJC_LITERAL_CONVERSION = YES;
				CLANG_WARN_OBJC_ROOT_CLASS = YES_ERROR;
				CLANG_WARN_QUOTED_INCLUDE_IN_FRAMEWORK_HEADER = YES;
				CLANG_WARN_RANGE_LOOP_ANALYSIS = YES;
				CLANG_WARN_STRICT_PROTOTYPES = YES;
				CLANG_WARN_SUSPICIOUS_MOVE = YES;
				CLANG_WARN_UNGUARDED_AVAILABILITY = YES_AGGRESSIVE;
				CLANG_WARN_UNREACHABLE_CODE = YES;
				CLANG_WARN__DUPLICATE_METHOD_MATCH = YES;
				COPY_PHASE_STRIP = NO;
				DEBUG_INFORMATION_FORMAT = dwarf;
				ENABLE_STRICT_OBJC_MSGSEND = YES;
				ENABLE_TESTABILITY = YES;
				GCC_C_LANGUAGE_STANDARD = gnu11;
				GCC_DYNAMIC_NO_PIC = NO;
				GCC_NO_COMMON_BLOCKS = YES;
				GCC_OPTIMIZATION_LEVEL = 0;
				GCC_PREPROCESSOR_DEFINITIONS = (
					"DEBUG=1",
					"$(inherited)",
				);
				GCC_WARN_64_TO_32_BIT_CONVERSION = YES;
				GCC_WARN_ABOUT_RETURN_TYPE = YES_ERROR;
				GCC_WARN_UNDECLARED_SELECTOR = YES;
				GCC_WARN_UNINITIALIZED_AUTOS = YES_AGGRESSIVE;
				GCC_WARN_UNUSED_FUNCTION = YES;
				GCC_WARN_UNUSED_VARIABLE = YES;
				IPHONEOS_DEPLOYMENT_TARGET = 14.0;
				MTL_ENABLE_DEBUG_INFO = INCLUDE_SOURCE;
				MTL_FAST_MATH = YES;
				ONLY_ACTIVE_ARCH = YES;
				SDKROOT = iphoneos;
				SWIFT_ACTIVE_COMPILATION_CONDITIONS = DEBUG;
				SWIFT_OPTIMIZATION_LEVEL = "-Onone";
			};
			name = Debug;
		};
		4838041C2517865F00EAD5FA /* Release */ = {
			isa = XCBuildConfiguration;
			buildSettings = {
				ALWAYS_SEARCH_USER_PATHS = NO;
				CLANG_ANALYZER_NONNULL = YES;
				CLANG_ANALYZER_NUMBER_OBJECT_CONVERSION = YES_AGGRESSIVE;
				CLANG_CXX_LANGUAGE_STANDARD = "gnu++14";
				CLANG_CXX_LIBRARY = "libc++";
				CLANG_ENABLE_MODULES = YES;
				CLANG_ENABLE_OBJC_ARC = YES;
				CLANG_ENABLE_OBJC_WEAK = YES;
				CLANG_WARN_BLOCK_CAPTURE_AUTORELEASING = YES;
				CLANG_WARN_BOOL_CONVERSION = YES;
				CLANG_WARN_COMMA = YES;
				CLANG_WARN_CONSTANT_CONVERSION = YES;
				CLANG_WARN_DEPRECATED_OBJC_IMPLEMENTATIONS = YES;
				CLANG_WARN_DIRECT_OBJC_ISA_USAGE = YES_ERROR;
				CLANG_WARN_DOCUMENTATION_COMMENTS = YES;
				CLANG_WARN_EMPTY_BODY = YES;
				CLANG_WARN_ENUM_CONVERSION = YES;
				CLANG_WARN_INFINITE_RECURSION = YES;
				CLANG_WARN_INT_CONVERSION = YES;
				CLANG_WARN_NON_LITERAL_NULL_CONVERSION = YES;
				CLANG_WARN_OBJC_IMPLICIT_RETAIN_SELF = YES;
				CLANG_WARN_OBJC_LITERAL_CONVERSION = YES;
				CLANG_WARN_OBJC_ROOT_CLASS = YES_ERROR;
				CLANG_WARN_QUOTED_INCLUDE_IN_FRAMEWORK_HEADER = YES;
				CLANG_WARN_RANGE_LOOP_ANALYSIS = YES;
				CLANG_WARN_STRICT_PROTOTYPES = YES;
				CLANG_WARN_SUSPICIOUS_MOVE = YES;
				CLANG_WARN_UNGUARDED_AVAILABILITY = YES_AGGRESSIVE;
				CLANG_WARN_UNREACHABLE_CODE = YES;
				CLANG_WARN__DUPLICATE_METHOD_MATCH = YES;
				COPY_PHASE_STRIP = NO;
				DEBUG_INFORMATION_FORMAT = "dwarf-with-dsym";
				ENABLE_NS_ASSERTIONS = NO;
				ENABLE_STRICT_OBJC_MSGSEND = YES;
				GCC_C_LANGUAGE_STANDARD = gnu11;
				GCC_NO_COMMON_BLOCKS = YES;
				GCC_WARN_64_TO_32_BIT_CONVERSION = YES;
				GCC_WARN_ABOUT_RETURN_TYPE = YES_ERROR;
				GCC_WARN_UNDECLARED_SELECTOR = YES;
				GCC_WARN_UNINITIALIZED_AUTOS = YES_AGGRESSIVE;
				GCC_WARN_UNUSED_FUNCTION = YES;
				GCC_WARN_UNUSED_VARIABLE = YES;
				IPHONEOS_DEPLOYMENT_TARGET = 14.0;
				MTL_ENABLE_DEBUG_INFO = NO;
				MTL_FAST_MATH = YES;
				SDKROOT = iphoneos;
				SWIFT_COMPILATION_MODE = wholemodule;
				SWIFT_OPTIMIZATION_LEVEL = "-O";
				VALIDATE_PRODUCT = YES;
			};
			name = Release;
		};
		4838041E2517865F00EAD5FA /* Debug */ = {
			isa = XCBuildConfiguration;
			buildSettings = {
				ASSETCATALOG_COMPILER_APPICON_NAME = AppIcon;
				ASSETCATALOG_COMPILER_GLOBAL_ACCENT_COLOR_NAME = AccentColor;
				CODE_SIGN_STYLE = Automatic;
				DEVELOPMENT_TEAM = F9ULJ6KA49;
				INFOPLIST_FILE = test/Info.plist;
				LD_RUNPATH_SEARCH_PATHS = (
					"$(inherited)",
					"@executable_path/Frameworks",
				);
				PRODUCT_BUNDLE_IDENTIFIER = spidar.test;
				PRODUCT_NAME = "$(TARGET_NAME)";
				SWIFT_VERSION = 5.0;
				TARGETED_DEVICE_FAMILY = "1,2";
			};
			name = Debug;
		};
		4838041F2517865F00EAD5FA /* Release */ = {
			isa = XCBuildConfiguration;
			buildSettings = {
				ASSETCATALOG_COMPILER_APPICON_NAME = AppIcon;
				ASSETCATALOG_COMPILER_GLOBAL_ACCENT_COLOR_NAME = AccentColor;
				CODE_SIGN_STYLE = Automatic;
				DEVELOPMENT_TEAM = F9ULJ6KA49;
				INFOPLIST_FILE = test/Info.plist;
				LD_RUNPATH_SEARCH_PATHS = (
					"$(inherited)",
					"@executable_path/Frameworks",
				);
				PRODUCT_BUNDLE_IDENTIFIER = spidar.test;
				PRODUCT_NAME = "$(TARGET_NAME)";
				SWIFT_VERSION = 5.0;
				TARGETED_DEVICE_FAMILY = "1,2";
			};
			name = Release;
		};
		483804212517865F00EAD5FA /* Debug */ = {
			isa = XCBuildConfiguration;
			buildSettings = {
				ALWAYS_EMBED_SWIFT_STANDARD_LIBRARIES = YES;
				BUNDLE_LOADER = "$(TEST_HOST)";
				CODE_SIGN_STYLE = Automatic;
				DEVELOPMENT_TEAM = F9ULJ6KA49;
				INFOPLIST_FILE = testTests/Info.plist;
				IPHONEOS_DEPLOYMENT_TARGET = 14.0;
				LD_RUNPATH_SEARCH_PATHS = (
					"$(inherited)",
					"@executable_path/Frameworks",
					"@loader_path/Frameworks",
				);
				PRODUCT_BUNDLE_IDENTIFIER = spidar.testTests;
				PRODUCT_NAME = "$(TARGET_NAME)";
				SWIFT_VERSION = 5.0;
				TARGETED_DEVICE_FAMILY = "1,2";
				TEST_HOST = "$(BUILT_PRODUCTS_DIR)/test.app/test";
			};
			name = Debug;
		};
		483804222517865F00EAD5FA /* Release */ = {
			isa = XCBuildConfiguration;
			buildSettings = {
				ALWAYS_EMBED_SWIFT_STANDARD_LIBRARIES = YES;
				BUNDLE_LOADER = "$(TEST_HOST)";
				CODE_SIGN_STYLE = Automatic;
				DEVELOPMENT_TEAM = F9ULJ6KA49;
				INFOPLIST_FILE = testTests/Info.plist;
				IPHONEOS_DEPLOYMENT_TARGET = 14.0;
				LD_RUNPATH_SEARCH_PATHS = (
					"$(inherited)",
					"@executable_path/Frameworks",
					"@loader_path/Frameworks",
				);
				PRODUCT_BUNDLE_IDENTIFIER = spidar.testTests;
				PRODUCT_NAME = "$(TARGET_NAME)";
				SWIFT_VERSION = 5.0;
				TARGETED_DEVICE_FAMILY = "1,2";
				TEST_HOST = "$(BUILT_PRODUCTS_DIR)/test.app/test";
			};
			name = Release;
		};
		483804242517865F00EAD5FA /* Debug */ = {
			isa = XCBuildConfiguration;
			buildSettings = {
				ALWAYS_EMBED_SWIFT_STANDARD_LIBRARIES = YES;
				CODE_SIGN_STYLE = Automatic;
				DEVELOPMENT_TEAM = F9ULJ6KA49;
				INFOPLIST_FILE = testUITests/Info.plist;
				LD_RUNPATH_SEARCH_PATHS = (
					"$(inherited)",
					"@executable_path/Frameworks",
					"@loader_path/Frameworks",
				);
				PRODUCT_BUNDLE_IDENTIFIER = spidar.testUITests;
				PRODUCT_NAME = "$(TARGET_NAME)";
				SWIFT_VERSION = 5.0;
				TARGETED_DEVICE_FAMILY = "1,2";
				TEST_TARGET_NAME = test;
			};
			name = Debug;
		};
		483804252517865F00EAD5FA /* Release */ = {
			isa = XCBuildConfiguration;
			buildSettings = {
				ALWAYS_EMBED_SWIFT_STANDARD_LIBRARIES = YES;
				CODE_SIGN_STYLE = Automatic;
				DEVELOPMENT_TEAM = F9ULJ6KA49;
				INFOPLIST_FILE = testUITests/Info.plist;
				LD_RUNPATH_SEARCH_PATHS = (
					"$(inherited)",
					"@executable_path/Frameworks",
					"@loader_path/Frameworks",
				);
				PRODUCT_BUNDLE_IDENTIFIER = spidar.testUITests;
				PRODUCT_NAME = "$(TARGET_NAME)";
				SWIFT_VERSION = 5.0;
				TARGETED_DEVICE_FAMILY = "1,2";
				TEST_TARGET_NAME = test;
			};
			name = Release;
		};
/* End XCBuildConfiguration section */

/* Begin XCConfigurationList section */
		483803EE2517865D00EAD5FA /* Build configuration list for PBXProject "test" */ = {
			isa = XCConfigurationList;
			buildConfigurations = (
				4838041B2517865F00EAD5FA /* Debug */,
				4838041C2517865F00EAD5FA /* Release */,
			);
			defaultConfigurationIsVisible = 0;
			defaultConfigurationName = Release;
		};
		4838041D2517865F00EAD5FA /* Build configuration list for PBXNativeTarget "test" */ = {
			isa = XCConfigurationList;
			buildConfigurations = (
				4838041E2517865F00EAD5FA /* Debug */,
				4838041F2517865F00EAD5FA /* Release */,
			);
			defaultConfigurationIsVisible = 0;
			defaultConfigurationName = Release;
		};
		483804202517865F00EAD5FA /* Build configuration list for PBXNativeTarget "testTests" */ = {
			isa = XCConfigurationList;
			buildConfigurations = (
				483804212517865F00EAD5FA /* Debug */,
				483804222517865F00EAD5FA /* Release */,
			);
			defaultConfigurationIsVisible = 0;
			defaultConfigurationName = Release;
		};
		483804232517865F00EAD5FA /* Build configuration list for PBXNativeTarget "testUITests" */ = {
			isa = XCConfigurationList;
			buildConfigurations = (
				483804242517865F00EAD5FA /* Debug */,
				483804252517865F00EAD5FA /* Release */,
			);
			defaultConfigurationIsVisible = 0;
			defaultConfigurationName = Release;
		};
/* End XCConfigurationList section */
	};
	rootObject = 483803EB2517865D00EAD5FA /* Project object */;
}
